
Microsoft Visual Studio Solution File, Format Version 12.00
# Visual Studio Version 16
VisualStudioVersion = 16.0.30804.86
MinimumVisualStudioVersion = 10.0.40219.1
Project("{FAE04EC0-301F-11D3-BF4B-00C04F79EFBC}") = "DeberApp", "DeberApp\DeberApp.csproj", "{905FA2E3-A620-4D0E-8B24-AF4812918007}"
EndProject
Project("{FAE04EC0-301F-11D3-BF4B-00C04F79EFBC}") = "Calculadora", "Calculadora\Calculadora.csproj", "{A0B2CE9C-3354-4B63-BE56-67B5015B0CF8}"
EndProject
Global
	GlobalSection(SolutionConfigurationPlatforms) = preSolution
		Debug|Any CPU = Debug|Any CPU
		Release|Any CPU = Release|Any CPU
	EndGlobalSection
	GlobalSection(ProjectConfigurationPlatforms) = postSolution
		{905FA2E3-A620-4D0E-8B24-AF4812918007}.Debug|Any CPU.ActiveCfg = Debug|Any CPU
		{905FA2E3-A620-4D0E-8B24-AF4812918007}.Debug|Any CPU.Build.0 = Debug|Any CPU
		{905FA2E3-A620-4D0E-8B24-AF4812918007}.Release|Any CPU.ActiveCfg = Release|Any CPU
		{905FA2E3-A620-4D0E-8B24-AF4812918007}.Release|Any CPU.Build.0 = Release|Any CPU
		{A0B2CE9C-3354-4B63-BE56-67B5015B0CF8}.Debug|Any CPU.ActiveCfg = Debug|Any CPU
		{A0B2CE9C-3354-4B63-BE56-67B5015B0CF8}.Debug|Any CPU.Build.0 = Debug|Any CPU
		{A0B2CE9C-3354-4B63-BE56-67B5015B0CF8}.Release|Any CPU.ActiveCfg = Release|Any CPU
		{A0B2CE9C-3354-4B63-BE56-67B5015B0CF8}.Release|Any CPU.Build.0 = Release|Any CPU
	EndGlobalSection
	GlobalSection(SolutionProperties) = preSolution
		HideSolutionNode = FALSE
	EndGlobalSection
	GlobalSection(ExtensibilityGlobals) = postSolution
		SolutionGuid = {CC5C95CB-BFEB-4A36-A4F9-30DFF19BD5F3}
	EndGlobalSection
EndGlobal
